
Microsoft Visual Studio Solution File, Format Version 12.00
# Visual Studio Version 16
VisualStudioVersion = 16.0.31205.134
MinimumVisualStudioVersion = 10.0.40219.1
Project("{FAE04EC0-301F-11D3-BF4B-00C04F79EFBC}") = "Module02", "Module02\Module02.csproj", "{51987E1A-2598-4B85-B8F8-05BA4E989B75}"
EndProject
Global
	GlobalSection(SolutionConfigurationPlatforms) = preSolution
		Debug|Any CPU = Debug|Any CPU
		Release|Any CPU = Release|Any CPU
	EndGlobalSection
	GlobalSection(ProjectConfigurationPlatforms) = postSolution
		{51987E1A-2598-4B85-B8F8-05BA4E989B75}.Debug|Any CPU.ActiveCfg = Debug|Any CPU
		{51987E1A-2598-4B85-B8F8-05BA4E989B75}.Debug|Any CPU.Build.0 = Debug|Any CPU
		{51987E1A-2598-4B85-B8F8-05BA4E989B75}.Release|Any CPU.ActiveCfg = Release|Any CPU
		{51987E1A-2598-4B85-B8F8-05BA4E989B75}.Release|Any CPU.Build.0 = Release|Any CPU
	EndGlobalSection
	GlobalSection(SolutionProperties) = preSolution
		HideSolutionNode = FALSE
	EndGlobalSection
	GlobalSection(ExtensibilityGlobals) = postSolution
		SolutionGuid = {0938D953-6210-4E67-A705-06C34A918ECD}
	EndGlobalSection
EndGlobal
